// !$*UTF8*$!
{
	archiveVersion = 1;
	classes = {
	};
	objectVersion = 46;
	objects = {

/* Begin PBXBuildFile section */
		5B43E13B186D1B6300635C90 /* Foundation.framework in Frameworks */ = {isa = PBXBuildFile; fileRef = 5B43E13A186D1B6300635C90 /* Foundation.framework */; };
		5B43E13D186D1B6300635C90 /* CoreGraphics.framework in Frameworks */ = {isa = PBXBuildFile; fileRef = 5B43E13C186D1B6300635C90 /* CoreGraphics.framework */; };
		5B43E13F186D1B6300635C90 /* UIKit.framework in Frameworks */ = {isa = PBXBuildFile; fileRef = 5B43E13E186D1B6300635C90 /* UIKit.framework */; };
		5B43E145186D1B6300635C90 /* InfoPlist.strings in Resources */ = {isa = PBXBuildFile; fileRef = 5B43E143186D1B6300635C90 /* InfoPlist.strings */; };
		5B43E147186D1B6300635C90 /* main.m in Sources */ = {isa = PBXBuildFile; fileRef = 5B43E146186D1B6300635C90 /* main.m */; };
		5B43E14B186D1B6300635C90 /* hplAppDelegate.m in Sources */ = {isa = PBXBuildFile; fileRef = 5B43E14A186D1B6300635C90 /* hplAppDelegate.m */; };
		5B43E14D186D1B6300635C90 /* Images.xcassets in Resources */ = {isa = PBXBuildFile; fileRef = 5B43E14C186D1B6300635C90 /* Images.xcassets */; };
		5B43E154186D1B6300635C90 /* XCTest.framework in Frameworks */ = {isa = PBXBuildFile; fileRef = 5B43E153186D1B6300635C90 /* XCTest.framework */; };
		5B43E155186D1B6300635C90 /* Foundation.framework in Frameworks */ = {isa = PBXBuildFile; fileRef = 5B43E13A186D1B6300635C90 /* Foundation.framework */; };
		5B43E156186D1B6300635C90 /* UIKit.framework in Frameworks */ = {isa = PBXBuildFile; fileRef = 5B43E13E186D1B6300635C90 /* UIKit.framework */; };
		5B43E15E186D1B6300635C90 /* InfoPlist.strings in Resources */ = {isa = PBXBuildFile; fileRef = 5B43E15C186D1B6300635C90 /* InfoPlist.strings */; };
		5B43E160186D1B6300635C90 /* CustomizedViewTests.m in Sources */ = {isa = PBXBuildFile; fileRef = 5B43E15F186D1B6300635C90 /* CustomizedViewTests.m */; };
		5B43E16D186D1BE900635C90 /* UIImage+animatedGIF.m in Sources */ = {isa = PBXBuildFile; fileRef = 5B43E16C186D1BE900635C90 /* UIImage+animatedGIF.m */; };
		5BDA5E4518711769006D64BD /* DXSemiTableViewController.m in Sources */ = {isa = PBXBuildFile; fileRef = 5BDA5E4018711769006D64BD /* DXSemiTableViewController.m */; };
		5BDA5E4618711769006D64BD /* DXSemiViewController.m in Sources */ = {isa = PBXBuildFile; fileRef = 5BDA5E4218711769006D64BD /* DXSemiViewController.m */; };
		5BDA5E4718711769006D64BD /* DXSemiViewControllerCategory.m in Sources */ = {isa = PBXBuildFile; fileRef = 5BDA5E4418711769006D64BD /* DXSemiViewControllerCategory.m */; };
		5BDA5E4F187117B8006D64BD /* DXRootViewController.m in Sources */ = {isa = PBXBuildFile; fileRef = 5BDA5E4A187117B8006D64BD /* DXRootViewController.m */; };
		5BDA5E50187117B8006D64BD /* DXSubclassSemiTableViewController.m in Sources */ = {isa = PBXBuildFile; fileRef = 5BDA5E4C187117B8006D64BD /* DXSubclassSemiTableViewController.m */; };
		5BDA5E51187117B8006D64BD /* DXSubClassSemiViewController.m in Sources */ = {isa = PBXBuildFile; fileRef = 5BDA5E4E187117B8006D64BD /* DXSubClassSemiViewController.m */; };
/* End PBXBuildFile section */

/* Begin PBXContainerItemProxy section */
		5B43E157186D1B6300635C90 /* PBXContainerItemProxy */ = {
			isa = PBXContainerItemProxy;
			containerPortal = 5B43E12F186D1B6300635C90 /* Project object */;
			proxyType = 1;
			remoteGlobalIDString = 5B43E136186D1B6300635C90;
			remoteInfo = CustomizedView;
		};
/* End PBXContainerItemProxy section */

/* Begin PBXFileReference section */
		5B43E137186D1B6300635C90 /* CustomizedView.app */ = {isa = PBXFileReference; explicitFileType = wrapper.application; includeInIndex = 0; path = CustomizedView.app; sourceTree = BUILT_PRODUCTS_DIR; };
		5B43E13A186D1B6300635C90 /* Foundation.framework */ = {isa = PBXFileReference; lastKnownFileType = wrapper.framework; name = Foundation.framework; path = System/Library/Frameworks/Foundation.framework; sourceTree = SDKROOT; };
		5B43E13C186D1B6300635C90 /* CoreGraphics.framework */ = {isa = PBXFileReference; lastKnownFileType = wrapper.framework; name = CoreGraphics.framework; path = System/Library/Frameworks/CoreGraphics.framework; sourceTree = SDKROOT; };
		5B43E13E186D1B6300635C90 /* UIKit.framework */ = {isa = PBXFileReference; lastKnownFileType = wrapper.framework; name = UIKit.framework; path = System/Library/Frameworks/UIKit.framework; sourceTree = SDKROOT; };
		5B43E142186D1B6300635C90 /* CustomizedView-Info.plist */ = {isa = PBXFileReference; lastKnownFileType = text.plist.xml; path = "CustomizedView-Info.plist"; sourceTree = "<group>"; };
		5B43E144186D1B6300635C90 /* en */ = {isa = PBXFileReference; lastKnownFileType = text.plist.strings; name = en; path = en.lproj/InfoPlist.strings; sourceTree = "<group>"; };
		5B43E146186D1B6300635C90 /* main.m */ = {isa = PBXFileReference; lastKnownFileType = sourcecode.c.objc; path = main.m; sourceTree = "<group>"; };
		5B43E148186D1B6300635C90 /* CustomizedView-Prefix.pch */ = {isa = PBXFileReference; lastKnownFileType = sourcecode.c.h; path = "CustomizedView-Prefix.pch"; sourceTree = "<group>"; };
		5B43E149186D1B6300635C90 /* hplAppDelegate.h */ = {isa = PBXFileReference; lastKnownFileType = sourcecode.c.h; path = hplAppDelegate.h; sourceTree = "<group>"; };
		5B43E14A186D1B6300635C90 /* hplAppDelegate.m */ = {isa = PBXFileReference; lastKnownFileType = sourcecode.c.objc; path = hplAppDelegate.m; sourceTree = "<group>"; };
		5B43E14C186D1B6300635C90 /* Images.xcassets */ = {isa = PBXFileReference; lastKnownFileType = folder.assetcatalog; path = Images.xcassets; sourceTree = "<group>"; };
		5B43E152186D1B6300635C90 /* CustomizedViewTests.xctest */ = {isa = PBXFileReference; explicitFileType = wrapper.cfbundle; includeInIndex = 0; path = CustomizedViewTests.xctest; sourceTree = BUILT_PRODUCTS_DIR; };
		5B43E153186D1B6300635C90 /* XCTest.framework */ = {isa = PBXFileReference; lastKnownFileType = wrapper.framework; name = XCTest.framework; path = Library/Frameworks/XCTest.framework; sourceTree = DEVELOPER_DIR; };
		5B43E15B186D1B6300635C90 /* CustomizedViewTests-Info.plist */ = {isa = PBXFileReference; lastKnownFileType = text.plist.xml; path = "CustomizedViewTests-Info.plist"; sourceTree = "<group>"; };
		5B43E15D186D1B6300635C90 /* en */ = {isa = PBXFileReference; lastKnownFileType = text.plist.strings; name = en; path = en.lproj/InfoPlist.strings; sourceTree = "<group>"; };
		5B43E15F186D1B6300635C90 /* CustomizedViewTests.m */ = {isa = PBXFileReference; lastKnownFileType = sourcecode.c.objc; path = CustomizedViewTests.m; sourceTree = "<group>"; };
		5B43E16B186D1BE900635C90 /* UIImage+animatedGIF.h */ = {isa = PBXFileReference; fileEncoding = 4; lastKnownFileType = sourcecode.c.h; path = "UIImage+animatedGIF.h"; sourceTree = "<group>"; };
		5B43E16C186D1BE900635C90 /* UIImage+animatedGIF.m */ = {isa = PBXFileReference; fileEncoding = 4; lastKnownFileType = sourcecode.c.objc; path = "UIImage+animatedGIF.m"; sourceTree = "<group>"; };
		5BDA5E3F18711769006D64BD /* DXSemiTableViewController.h */ = {isa = PBXFileReference; fileEncoding = 4; lastKnownFileType = sourcecode.c.h; path = DXSemiTableViewController.h; sourceTree = "<group>"; };
		5BDA5E4018711769006D64BD /* DXSemiTableViewController.m */ = {isa = PBXFileReference; fileEncoding = 4; lastKnownFileType = sourcecode.c.objc; path = DXSemiTableViewController.m; sourceTree = "<group>"; };
		5BDA5E4118711769006D64BD /* DXSemiViewController.h */ = {isa = PBXFileReference; fileEncoding = 4; lastKnownFileType = sourcecode.c.h; path = DXSemiViewController.h; sourceTree = "<group>"; };
		5BDA5E4218711769006D64BD /* DXSemiViewController.m */ = {isa = PBXFileReference; fileEncoding = 4; lastKnownFileType = sourcecode.c.objc; path = DXSemiViewController.m; sourceTree = "<group>"; };
		5BDA5E4318711769006D64BD /* DXSemiViewControllerCategory.h */ = {isa = PBXFileReference; fileEncoding = 4; lastKnownFileType = sourcecode.c.h; path = DXSemiViewControllerCategory.h; sourceTree = "<group>"; };
		5BDA5E4418711769006D64BD /* DXSemiViewControllerCategory.m */ = {isa = PBXFileReference; fileEncoding = 4; lastKnownFileType = sourcecode.c.objc; path = DXSemiViewControllerCategory.m; sourceTree = "<group>"; };
		5BDA5E49187117B8006D64BD /* DXRootViewController.h */ = {isa = PBXFileReference; fileEncoding = 4; lastKnownFileType = sourcecode.c.h; path = DXRootViewController.h; sourceTree = "<group>"; };
		5BDA5E4A187117B8006D64BD /* DXRootViewController.m */ = {isa = PBXFileReference; fileEncoding = 4; lastKnownFileType = sourcecode.c.objc; path = DXRootViewController.m; sourceTree = "<group>"; };
		5BDA5E4B187117B8006D64BD /* DXSubclassSemiTableViewController.h */ = {isa = PBXFileReference; fileEncoding = 4; lastKnownFileType = sourcecode.c.h; path = DXSubclassSemiTableViewController.h; sourceTree = "<group>"; };
		5BDA5E4C187117B8006D64BD /* DXSubclassSemiTableViewController.m */ = {isa = PBXFileReference; fileEncoding = 4; lastKnownFileType = sourcecode.c.objc; path = DXSubclassSemiTableViewController.m; sourceTree = "<group>"; };
		5BDA5E4D187117B8006D64BD /* DXSubClassSemiViewController.h */ = {isa = PBXFileReference; fileEncoding = 4; lastKnownFileType = sourcecode.c.h; path = DXSubClassSemiViewController.h; sourceTree = "<group>"; };
		5BDA5E4E187117B8006D64BD /* DXSubClassSemiViewController.m */ = {isa = PBXFileReference; fileEncoding = 4; lastKnownFileType = sourcecode.c.objc; path = DXSubClassSemiViewController.m; sourceTree = "<group>"; };
/* End PBXFileReference section */

/* Begin PBXFrameworksBuildPhase section */
		5B43E134186D1B6300635C90 /* Frameworks */ = {
			isa = PBXFrameworksBuildPhase;
			buildActionMask = 2147483647;
			files = (
				5B43E13D186D1B6300635C90 /* CoreGraphics.framework in Frameworks */,
				5B43E13F186D1B6300635C90 /* UIKit.framework in Frameworks */,
				5B43E13B186D1B6300635C90 /* Foundation.framework in Frameworks */,
			);
			runOnlyForDeploymentPostprocessing = 0;
		};
		5B43E14F186D1B6300635C90 /* Frameworks */ = {
			isa = PBXFrameworksBuildPhase;
			buildActionMask = 2147483647;
			files = (
				5B43E154186D1B6300635C90 /* XCTest.framework in Frameworks */,
				5B43E156186D1B6300635C90 /* UIKit.framework in Frameworks */,
				5B43E155186D1B6300635C90 /* Foundation.framework in Frameworks */,
			);
			runOnlyForDeploymentPostprocessing = 0;
		};
/* End PBXFrameworksBuildPhase section */

/* Begin PBXGroup section */
		5B43E12E186D1B6300635C90 = {
			isa = PBXGroup;
			children = (
				5BDA5E3D187116F2006D64BD /* Layout */,
				5B43E1DC186D2C9B00635C90 /* TestAndDemo */,
				5B43E169186D1BE900635C90 /* Category */,
				5B43E140186D1B6300635C90 /* CustomizedView */,
				5B43E159186D1B6300635C90 /* CustomizedViewTests */,
				5B43E139186D1B6300635C90 /* Frameworks */,
				5B43E138186D1B6300635C90 /* Products */,
			);
			sourceTree = "<group>";
		};
		5B43E138186D1B6300635C90 /* Products */ = {
			isa = PBXGroup;
			children = (
				5B43E137186D1B6300635C90 /* CustomizedView.app */,
				5B43E152186D1B6300635C90 /* CustomizedViewTests.xctest */,
			);
			name = Products;
			sourceTree = "<group>";
		};
		5B43E139186D1B6300635C90 /* Frameworks */ = {
			isa = PBXGroup;
			children = (
				5B43E13A186D1B6300635C90 /* Foundation.framework */,
				5B43E13C186D1B6300635C90 /* CoreGraphics.framework */,
				5B43E13E186D1B6300635C90 /* UIKit.framework */,
				5B43E153186D1B6300635C90 /* XCTest.framework */,
			);
			name = Frameworks;
			sourceTree = "<group>";
		};
		5B43E140186D1B6300635C90 /* CustomizedView */ = {
			isa = PBXGroup;
			children = (
				5B43E149186D1B6300635C90 /* hplAppDelegate.h */,
				5B43E14A186D1B6300635C90 /* hplAppDelegate.m */,
				5B43E14C186D1B6300635C90 /* Images.xcassets */,
				5B43E141186D1B6300635C90 /* Supporting Files */,
			);
			path = CustomizedView;
			sourceTree = "<group>";
		};
		5B43E141186D1B6300635C90 /* Supporting Files */ = {
			isa = PBXGroup;
			children = (
				5B43E142186D1B6300635C90 /* CustomizedView-Info.plist */,
				5B43E143186D1B6300635C90 /* InfoPlist.strings */,
				5B43E146186D1B6300635C90 /* main.m */,
				5B43E148186D1B6300635C90 /* CustomizedView-Prefix.pch */,
			);
			name = "Supporting Files";
			sourceTree = "<group>";
		};
		5B43E159186D1B6300635C90 /* CustomizedViewTests */ = {
			isa = PBXGroup;
			children = (
				5B43E15F186D1B6300635C90 /* CustomizedViewTests.m */,
				5B43E15A186D1B6300635C90 /* Supporting Files */,
			);
			path = CustomizedViewTests;
			sourceTree = "<group>";
		};
		5B43E15A186D1B6300635C90 /* Supporting Files */ = {
			isa = PBXGroup;
			children = (
				5B43E15B186D1B6300635C90 /* CustomizedViewTests-Info.plist */,
				5B43E15C186D1B6300635C90 /* InfoPlist.strings */,
			);
			name = "Supporting Files";
			sourceTree = "<group>";
		};
		5B43E169186D1BE900635C90 /* Category */ = {
			isa = PBXGroup;
			children = (
				5B43E16A186D1BE900635C90 /* UIImage+GIF */,
			);
			path = Category;
			sourceTree = "<group>";
		};
		5B43E16A186D1BE900635C90 /* UIImage+GIF */ = {
			isa = PBXGroup;
			children = (
				5B43E16B186D1BE900635C90 /* UIImage+animatedGIF.h */,
				5B43E16C186D1BE900635C90 /* UIImage+animatedGIF.m */,
			);
			path = "UIImage+GIF";
			sourceTree = "<group>";
		};
		5B43E1DC186D2C9B00635C90 /* TestAndDemo */ = {
			isa = PBXGroup;
			children = (
				5B43E1DD186D2C9B00635C90 /* Demo */,
				5B43E1DE186D2C9B00635C90 /* Test */,
			);
			path = TestAndDemo;
			sourceTree = "<group>";
		};
		5B43E1DD186D2C9B00635C90 /* Demo */ = {
			isa = PBXGroup;
			children = (
				5BDA5E48187117B8006D64BD /* DXSemiSideDemo */,
			);
			path = Demo;
			sourceTree = "<group>";
		};
		5B43E1DE186D2C9B00635C90 /* Test */ = {
			isa = PBXGroup;
			children = (
			);
			path = Test;
			sourceTree = "<group>";
		};
		5BDA5E3D187116F2006D64BD /* Layout */ = {
			isa = PBXGroup;
			children = (
				5BDA5E3E18711769006D64BD /* DXSemiSide */,
			);
			path = Layout;
			sourceTree = "<group>";
		};
		5BDA5E3E18711769006D64BD /* DXSemiSide */ = {
			isa = PBXGroup;
			children = (
				5BDA5E3F18711769006D64BD /* DXSemiTableViewController.h */,
				5BDA5E4018711769006D64BD /* DXSemiTableViewController.m */,
				5BDA5E4118711769006D64BD /* DXSemiViewController.h */,
				5BDA5E4218711769006D64BD /* DXSemiViewController.m */,
				5BDA5E4318711769006D64BD /* DXSemiViewControllerCategory.h */,
				5BDA5E4418711769006D64BD /* DXSemiViewControllerCategory.m */,
			);
			path = DXSemiSide;
			sourceTree = "<group>";
		};
		5BDA5E48187117B8006D64BD /* DXSemiSideDemo */ = {
			isa = PBXGroup;
			children = (
				5BDA5E49187117B8006D64BD /* DXRootViewController.h */,
				5BDA5E4A187117B8006D64BD /* DXRootViewController.m */,
				5BDA5E4B187117B8006D64BD /* DXSubclassSemiTableViewController.h */,
				5BDA5E4C187117B8006D64BD /* DXSubclassSemiTableViewController.m */,
				5BDA5E4D187117B8006D64BD /* DXSubClassSemiViewController.h */,
				5BDA5E4E187117B8006D64BD /* DXSubClassSemiViewController.m */,
			);
			path = DXSemiSideDemo;
			sourceTree = "<group>";
		};
/* End PBXGroup section */

/* Begin PBXNativeTarget section */
		5B43E136186D1B6300635C90 /* CustomizedView */ = {
			isa = PBXNativeTarget;
			buildConfigurationList = 5B43E163186D1B6300635C90 /* Build configuration list for PBXNativeTarget "CustomizedView" */;
			buildPhases = (
				5B43E133186D1B6300635C90 /* Sources */,
				5B43E134186D1B6300635C90 /* Frameworks */,
				5B43E135186D1B6300635C90 /* Resources */,
			);
			buildRules = (
			);
			dependencies = (
			);
			name = CustomizedView;
			productName = CustomizedView;
			productReference = 5B43E137186D1B6300635C90 /* CustomizedView.app */;
			productType = "com.apple.product-type.application";
		};
		5B43E151186D1B6300635C90 /* CustomizedViewTests */ = {
			isa = PBXNativeTarget;
			buildConfigurationList = 5B43E166186D1B6300635C90 /* Build configuration list for PBXNativeTarget "CustomizedViewTests" */;
			buildPhases = (
				5B43E14E186D1B6300635C90 /* Sources */,
				5B43E14F186D1B6300635C90 /* Frameworks */,
				5B43E150186D1B6300635C90 /* Resources */,
			);
			buildRules = (
			);
			dependencies = (
				5B43E158186D1B6300635C90 /* PBXTargetDependency */,
			);
			name = CustomizedViewTests;
			productName = CustomizedViewTests;
			productReference = 5B43E152186D1B6300635C90 /* CustomizedViewTests.xctest */;
			productType = "com.apple.product-type.bundle.unit-test";
		};
/* End PBXNativeTarget section */

/* Begin PBXProject section */
		5B43E12F186D1B6300635C90 /* Project object */ = {
			isa = PBXProject;
			attributes = {
				CLASSPREFIX = hpl;
				LastUpgradeCheck = 0500;
				ORGANIZATIONNAME = minfo;
				TargetAttributes = {
					5B43E151186D1B6300635C90 = {
						TestTargetID = 5B43E136186D1B6300635C90;
					};
				};
			};
			buildConfigurationList = 5B43E132186D1B6300635C90 /* Build configuration list for PBXProject "CustomizedView" */;
			compatibilityVersion = "Xcode 3.2";
			developmentRegion = English;
			hasScannedForEncodings = 0;
			knownRegions = (
				en,
			);
			mainGroup = 5B43E12E186D1B6300635C90;
			productRefGroup = 5B43E138186D1B6300635C90 /* Products */;
			projectDirPath = "";
			projectRoot = "";
			targets = (
				5B43E136186D1B6300635C90 /* CustomizedView */,
				5B43E151186D1B6300635C90 /* CustomizedViewTests */,
			);
		};
/* End PBXProject section */

/* Begin PBXResourcesBuildPhase section */
		5B43E135186D1B6300635C90 /* Resources */ = {
			isa = PBXResourcesBuildPhase;
			buildActionMask = 2147483647;
			files = (
				5B43E145186D1B6300635C90 /* InfoPlist.strings in Resources */,
				5B43E14D186D1B6300635C90 /* Images.xcassets in Resources */,
			);
			runOnlyForDeploymentPostprocessing = 0;
		};
		5B43E150186D1B6300635C90 /* Resources */ = {
			isa = PBXResourcesBuildPhase;
			buildActionMask = 2147483647;
			files = (
				5B43E15E186D1B6300635C90 /* InfoPlist.strings in Resources */,
			);
			runOnlyForDeploymentPostprocessing = 0;
		};
/* End PBXResourcesBuildPhase section */

/* Begin PBXSourcesBuildPhase section */
		5B43E133186D1B6300635C90 /* Sources */ = {
			isa = PBXSourcesBuildPhase;
			buildActionMask = 2147483647;
			files = (
				5B43E147186D1B6300635C90 /* main.m in Sources */,
				5B43E16D186D1BE900635C90 /* UIImage+animatedGIF.m in Sources */,
				5B43E14B186D1B6300635C90 /* hplAppDelegate.m in Sources */,
				5BDA5E4518711769006D64BD /* DXSemiTableViewController.m in Sources */,
				5BDA5E4718711769006D64BD /* DXSemiViewControllerCategory.m in Sources */,
				5BDA5E51187117B8006D64BD /* DXSubClassSemiViewController.m in Sources */,
				5BDA5E4618711769006D64BD /* DXSemiViewController.m in Sources */,
				5BDA5E4F187117B8006D64BD /* DXRootViewController.m in Sources */,
				5BDA5E50187117B8006D64BD /* DXSubclassSemiTableViewController.m in Sources */,
			);
			runOnlyForDeploymentPostprocessing = 0;
		};
		5B43E14E186D1B6300635C90 /* Sources */ = {
			isa = PBXSourcesBuildPhase;
			buildActionMask = 2147483647;
			files = (
				5B43E160186D1B6300635C90 /* CustomizedViewTests.m in Sources */,
			);
			runOnlyForDeploymentPostprocessing = 0;
		};
/* End PBXSourcesBuildPhase section */

/* Begin PBXTargetDependency section */
		5B43E158186D1B6300635C90 /* PBXTargetDependency */ = {
			isa = PBXTargetDependency;
			target = 5B43E136186D1B6300635C90 /* CustomizedView */;
			targetProxy = 5B43E157186D1B6300635C90 /* PBXContainerItemProxy */;
		};
/* End PBXTargetDependency section */

/* Begin PBXVariantGroup section */
		5B43E143186D1B6300635C90 /* InfoPlist.strings */ = {
			isa = PBXVariantGroup;
			children = (
				5B43E144186D1B6300635C90 /* en */,
			);
			name = InfoPlist.strings;
			sourceTree = "<group>";
		};
		5B43E15C186D1B6300635C90 /* InfoPlist.strings */ = {
			isa = PBXVariantGroup;
			children = (
				5B43E15D186D1B6300635C90 /* en */,
			);
			name = InfoPlist.strings;
			sourceTree = "<group>";
		};
/* End PBXVariantGroup section */

/* Begin XCBuildConfiguration section */
		5B43E161186D1B6300635C90 /* Debug */ = {
			isa = XCBuildConfiguration;
			buildSettings = {
				ALWAYS_SEARCH_USER_PATHS = NO;
				ARCHS = "$(ARCHS_STANDARD_INCLUDING_64_BIT)";
				CLANG_CXX_LANGUAGE_STANDARD = "gnu++0x";
				CLANG_CXX_LIBRARY = "libc++";
				CLANG_ENABLE_MODULES = YES;
				CLANG_ENABLE_OBJC_ARC = YES;
				CLANG_WARN_BOOL_CONVERSION = YES;
				CLANG_WARN_CONSTANT_CONVERSION = YES;
				CLANG_WARN_DIRECT_OBJC_ISA_USAGE = YES_ERROR;
				CLANG_WARN_EMPTY_BODY = YES;
				CLANG_WARN_ENUM_CONVERSION = YES;
				CLANG_WARN_INT_CONVERSION = YES;
				CLANG_WARN_OBJC_ROOT_CLASS = YES_ERROR;
				CLANG_WARN__DUPLICATE_METHOD_MATCH = YES;
				"CODE_SIGN_IDENTITY[sdk=iphoneos*]" = "iPhone Developer";
				COPY_PHASE_STRIP = NO;
				GCC_C_LANGUAGE_STANDARD = gnu99;
				GCC_DYNAMIC_NO_PIC = NO;
				GCC_OPTIMIZATION_LEVEL = 0;
				GCC_PREPROCESSOR_DEFINITIONS = (
					"DEBUG=1",
					"$(inherited)",
				);
				GCC_SYMBOLS_PRIVATE_EXTERN = NO;
				GCC_WARN_64_TO_32_BIT_CONVERSION = YES;
				GCC_WARN_ABOUT_RETURN_TYPE = YES_ERROR;
				GCC_WARN_UNDECLARED_SELECTOR = YES;
				GCC_WARN_UNINITIALIZED_AUTOS = YES;
				GCC_WARN_UNUSED_FUNCTION = YES;
				GCC_WARN_UNUSED_VARIABLE = YES;
				IPHONEOS_DEPLOYMENT_TARGET = 7.0;
				ONLY_ACTIVE_ARCH = YES;
				SDKROOT = iphoneos;
				TARGETED_DEVICE_FAMILY = "1,2";
			};
			name = Debug;
		};
		5B43E162186D1B6300635C90 /* Release */ = {
			isa = XCBuildConfiguration;
			buildSettings = {
				ALWAYS_SEARCH_USER_PATHS = NO;
				ARCHS = "$(ARCHS_STANDARD_INCLUDING_64_BIT)";
				CLANG_CXX_LANGUAGE_STANDARD = "gnu++0x";
				CLANG_CXX_LIBRARY = "libc++";
				CLANG_ENABLE_MODULES = YES;
				CLANG_ENABLE_OBJC_ARC = YES;
				CLANG_WARN_BOOL_CONVERSION = YES;
				CLANG_WARN_CONSTANT_CONVERSION = YES;
				CLANG_WARN_DIRECT_OBJC_ISA_USAGE = YES_ERROR;
				CLANG_WARN_EMPTY_BODY = YES;
				CLANG_WARN_ENUM_CONVERSION = YES;
				CLANG_WARN_INT_CONVERSION = YES;
				CLANG_WARN_OBJC_ROOT_CLASS = YES_ERROR;
				CLANG_WARN__DUPLICATE_METHOD_MATCH = YES;
				"CODE_SIGN_IDENTITY[sdk=iphoneos*]" = "iPhone Developer";
				COPY_PHASE_STRIP = YES;
				ENABLE_NS_ASSERTIONS = NO;
				GCC_C_LANGUAGE_STANDARD = gnu99;
				GCC_WARN_64_TO_32_BIT_CONVERSION = YES;
				GCC_WARN_ABOUT_RETURN_TYPE = YES_ERROR;
				GCC_WARN_UNDECLARED_SELECTOR = YES;
				GCC_WARN_UNINITIALIZED_AUTOS = YES;
				GCC_WARN_UNUSED_FUNCTION = YES;
				GCC_WARN_UNUSED_VARIABLE = YES;
				IPHONEOS_DEPLOYMENT_TARGET = 7.0;
				SDKROOT = iphoneos;
				TARGETED_DEVICE_FAMILY = "1,2";
				VALIDATE_PRODUCT = YES;
			};
			name = Release;
		};
		5B43E164186D1B6300635C90 /* Debug */ = {
			isa = XCBuildConfiguration;
			buildSettings = {
				ASSETCATALOG_COMPILER_APPICON_NAME = AppIcon;
				ASSETCATALOG_COMPILER_LAUNCHIMAGE_NAME = LaunchImage;
				GCC_PRECOMPILE_PREFIX_HEADER = YES;
				GCC_PREFIX_HEADER = "CustomizedView/CustomizedView-Prefix.pch";
				INFOPLIST_FILE = "CustomizedView/CustomizedView-Info.plist";
				PRODUCT_NAME = "$(TARGET_NAME)";
				WRAPPER_EXTENSION = app;
			};
			name = Debug;
		};
		5B43E165186D1B6300635C90 /* Release */ = {
			isa = XCBuildConfiguration;
			buildSettings = {
				ASSETCATALOG_COMPILER_APPICON_NAME = AppIcon;
				ASSETCATALOG_COMPILER_LAUNCHIMAGE_NAME = LaunchImage;
				GCC_PRECOMPILE_PREFIX_HEADER = YES;
				GCC_PREFIX_HEADER = "CustomizedView/CustomizedView-Prefix.pch";
				INFOPLIST_FILE = "CustomizedView/CustomizedView-Info.plist";
				PRODUCT_NAME = "$(TARGET_NAME)";
				WRAPPER_EXTENSION = app;
			};
			name = Release;
		};
		5B43E167186D1B6300635C90 /* Debug */ = {
			isa = XCBuildConfiguration;
			buildSettings = {
				ARCHS = "$(ARCHS_STANDARD_INCLUDING_64_BIT)";
				BUNDLE_LOADER = "$(BUILT_PRODUCTS_DIR)/CustomizedView.app/CustomizedView";
				FRAMEWORK_SEARCH_PATHS = (
					"$(SDKROOT)/Developer/Library/Frameworks",
					"$(inherited)",
					"$(DEVELOPER_FRAMEWORKS_DIR)",
				);
				GCC_PRECOMPILE_PREFIX_HEADER = YES;
				GCC_PREFIX_HEADER = "CustomizedView/CustomizedView-Prefix.pch";
				GCC_PREPROCESSOR_DEFINITIONS = (
					"DEBUG=1",
					"$(inherited)",
				);
				INFOPLIST_FILE = "CustomizedViewTests/CustomizedViewTests-Info.plist";
				PRODUCT_NAME = "$(TARGET_NAME)";
				TEST_HOST = "$(BUNDLE_LOADER)";
				WRAPPER_EXTENSION = xctest;
			};
			name = Debug;
		};
		5B43E168186D1B6300635C90 /* Release */ = {
			isa = XCBuildConfiguration;
			buildSettings = {
				ARCHS = "$(ARCHS_STANDARD_INCLUDING_64_BIT)";
				BUNDLE_LOADER = "$(BUILT_PRODUCTS_DIR)/CustomizedView.app/CustomizedView";
				FRAMEWORK_SEARCH_PATHS = (
					"$(SDKROOT)/Developer/Library/Frameworks",
					"$(inherited)",
					"$(DEVELOPER_FRAMEWORKS_DIR)",
				);
				GCC_PRECOMPILE_PREFIX_HEADER = YES;
				GCC_PREFIX_HEADER = "CustomizedView/CustomizedView-Prefix.pch";
				INFOPLIST_FILE = "CustomizedViewTests/CustomizedViewTests-Info.plist";
				PRODUCT_NAME = "$(TARGET_NAME)";
				TEST_HOST = "$(BUNDLE_LOADER)";
				WRAPPER_EXTENSION = xctest;
			};
			name = Release;
		};
/* End XCBuildConfiguration section */

/* Begin XCConfigurationList section */
		5B43E132186D1B6300635C90 /* Build configuration list for PBXProject "CustomizedView" */ = {
			isa = XCConfigurationList;
			buildConfigurations = (
				5B43E161186D1B6300635C90 /* Debug */,
				5B43E162186D1B6300635C90 /* Release */,
			);
			defaultConfigurationIsVisible = 0;
			defaultConfigurationName = Release;
		};
		5B43E163186D1B6300635C90 /* Build configuration list for PBXNativeTarget "CustomizedView" */ = {
			isa = XCConfigurationList;
			buildConfigurations = (
				5B43E164186D1B6300635C90 /* Debug */,
				5B43E165186D1B6300635C90 /* Release */,
			);
			defaultConfigurationIsVisible = 0;
			defaultConfigurationName = Release;
		};
		5B43E166186D1B6300635C90 /* Build configuration list for PBXNativeTarget "CustomizedViewTests" */ = {
			isa = XCConfigurationList;
			buildConfigurations = (
				5B43E167186D1B6300635C90 /* Debug */,
				5B43E168186D1B6300635C90 /* Release */,
			);
			defaultConfigurationIsVisible = 0;
			defaultConfigurationName = Release;
		};
/* End XCConfigurationList section */
	};
	rootObject = 5B43E12F186D1B6300635C90 /* Project object */;
}
